<?xml version="1.0" encoding="utf-8"?>
<Project ToolsVersion="4.0" xmlns="http://schemas.microsoft.com/developer/msbuild/2003">
  <ItemGroup>
    <Filter Include="源文件">
      <UniqueIdentifier>{4FC737F1-C7A5-4376-A066-2A32D752A2FF}</UniqueIdentifier>
      <Extensions>cpp;c;cc;cxx;def;odl;idl;hpj;bat;asm;asmx</Extensions>
    </Filter>
    <Filter Include="头文件">
      <UniqueIdentifier>{93995380-89BD-4b04-88EB-625FBE52EBFB}</UniqueIdentifier>
      <Extensions>h;hh;hpp;hxx;hm;inl;inc;xsd</Extensions>
    </Filter>
    <Filter Include="资源文件">
      <UniqueIdentifier>{67DA6AB6-F800-4c08-8B7A-83BB121AAD01}</UniqueIdentifier>
      <Extensions>rc;ico;cur;bmp;dlg;rc2;rct;bin;rgs;gif;jpg;jpeg;jpe;resx;tiff;tif;png;wav;mfcribbon-ms</Extensions>
    </Filter>
    <Filter Include="头文件\include">
      <UniqueIdentifier>{1f511b3b-234a-4411-8003-2dc592a46003}</UniqueIdentifier>
    </Filter>
    <Filter Include="源文件\include">
      <UniqueIdentifier>{339874a9-79c1-4fd3-b751-7bb6f612317c}</UniqueIdentifier>
    </Filter>
  </ItemGroup>
  <ItemGroup>
    <Text Include="ReadMe.txt" />
  </ItemGroup>
  <ItemGroup>
    <ClInclude Include="courseManage.h">
      <Filter>头文件</Filter>
    </ClInclude>
    <ClInclude Include="courseManageDlg.h">
      <Filter>头文件</Filter>
    </ClInclude>
    <ClInclude Include="stdafx.h">
      <Filter>头文件</Filter>
    </ClInclude>
    <ClInclude Include="targetver.h">
      <Filter>头文件</Filter>
    </ClInclude>
    <ClInclude Include="Resource.h">
      <Filter>头文件</Filter>
    </ClInclude>
    <ClInclude Include="CourseManageRegist.h">
      <Filter>头文件</Filter>
    </ClInclude>
    <ClInclude Include="CourseManageMain.h">
      <Filter>头文件</Filter>
    </ClInclude>
    <ClInclude Include="processInfo.h">
      <Filter>头文件</Filter>
    </ClInclude>
    <ClInclude Include="CreateNewProcess.h">
      <Filter>头文件</Filter>
    </ClInclude>
    <ClInclude Include="AboutBox.h">
      <Filter>头文件</Filter>
    </ClInclude>
    <ClInclude Include="PeDialog.h">
      <Filter>头文件</Filter>
    </ClInclude>
    <ClInclude Include="GridCtrl_src\CellRange.h">
      <Filter>头文件\include</Filter>
    </ClInclude>
    <ClInclude Include="GridCtrl_src\GridCell.h">
      <Filter>头文件\include</Filter>
    </ClInclude>
    <ClInclude Include="GridCtrl_src\GridCellBase.h">
      <Filter>头文件\include</Filter>
    </ClInclude>
    <ClInclude Include="GridCtrl_src\GridCtrl.h">
      <Filter>头文件\include</Filter>
    </ClInclude>
    <ClInclude Include="GridCtrl_src\GridDropTarget.h">
      <Filter>头文件\include</Filter>
    </ClInclude>
    <ClInclude Include="GridCtrl_src\InPlaceEdit.h">
      <Filter>头文件\include</Filter>
    </ClInclude>
    <ClInclude Include="GridCtrl_src\MemDC.h">
      <Filter>头文件\include</Filter>
    </ClInclude>
    <ClInclude Include="GridCtrl_src\TitleTip.h">
      <Filter>头文件\include</Filter>
    </ClInclude>
    <ClInclude Include="NewCellTypes\GridCellCheck.h">
      <Filter>头文件\include</Filter>
    </ClInclude>
    <ClInclude Include="NewCellTypes\GridCellCombo.h">
      <Filter>头文件\include</Filter>
    </ClInclude>
    <ClInclude Include="NewCellTypes\GridCellDateTime.h">
      <Filter>头文件\include</Filter>
    </ClInclude>
    <ClInclude Include="NewCellTypes\GridCellNumeric.h">
      <Filter>头文件\include</Filter>
    </ClInclude>
    <ClInclude Include="NewCellTypes\GridURLCell.h">
      <Filter>头文件\include</Filter>
    </ClInclude>
    <ClInclude Include="Characteristics.h">
      <Filter>头文件</Filter>
    </ClInclude>
    <ClInclude Include="ShowSelectDlg.h">
      <Filter>头文件</Filter>
    </ClInclude>
    <ClInclude Include="ShowCheckboxList.h">
      <Filter>头文件</Filter>
    </ClInclude>
  </ItemGroup>
  <ItemGroup>
    <ClCompile Include="courseManage.cpp">
      <Filter>源文件</Filter>
    </ClCompile>
    <ClCompile Include="courseManageDlg.cpp">
      <Filter>源文件</Filter>
    </ClCompile>
    <ClCompile Include="stdafx.cpp">
      <Filter>源文件</Filter>
    </ClCompile>
    <ClCompile Include="CourseManageRegist.cpp">
      <Filter>源文件</Filter>
    </ClCompile>
    <ClCompile Include="CourseManageMain.cpp">
      <Filter>源文件</Filter>
    </ClCompile>
    <ClCompile Include="CreateNewProcess.cpp">
      <Filter>源文件</Filter>
    </ClCompile>
    <ClCompile Include="AboutBox.cpp">
      <Filter>源文件</Filter>
    </ClCompile>
    <ClCompile Include="PeDialog.cpp">
      <Filter>源文件</Filter>
    </ClCompile>
    <ClCompile Include="NewCellTypes\GridCellCheck.cpp">
      <Filter>源文件\include</Filter>
    </ClCompile>
    <ClCompile Include="NewCellTypes\GridCellCombo.cpp">
      <Filter>源文件\include</Filter>
    </ClCompile>
    <ClCompile Include="NewCellTypes\GridCellDateTime.cpp">
      <Filter>源文件\include</Filter>
    </ClCompile>
    <ClCompile Include="NewCellTypes\GridCellNumeric.cpp">
      <Filter>源文件\include</Filter>
    </ClCompile>
    <ClCompile Include="NewCellTypes\GridURLCell.cpp">
      <Filter>源文件\include</Filter>
    </ClCompile>
    <ClCompile Include="GridCtrl_src\GridCell.cpp">
      <Filter>源文件\include</Filter>
    </ClCompile>
    <ClCompile Include="GridCtrl_src\GridCellBase.cpp">
      <Filter>源文件\include</Filter>
    </ClCompile>
    <ClCompile Include="GridCtrl_src\GridCtrl.cpp">
      <Filter>源文件\include</Filter>
    </ClCompile>
    <ClCompile Include="GridCtrl_src\GridDropTarget.cpp">
      <Filter>源文件\include</Filter>
    </ClCompile>
    <ClCompile Include="GridCtrl_src\InPlaceEdit.cpp">
      <Filter>源文件\include</Filter>
    </ClCompile>
    <ClCompile Include="GridCtrl_src\TitleTip.cpp">
      <Filter>源文件\include</Filter>
    </ClCompile>
    <ClCompile Include="Characteristics.cpp">
      <Filter>源文件</Filter>
    </ClCompile>
    <ClCompile Include="ShowSelectDlg.cpp">
      <Filter>源文件</Filter>
    </ClCompile>
    <ClCompile Include="ShowCheckboxList.cpp">
      <Filter>源文件</Filter>
    </ClCompile>
  </ItemGroup>
  <ItemGroup>
    <ResourceCompile Include="courseManage.rc">
      <Filter>资源文件</Filter>
    </ResourceCompile>
  </ItemGroup>
  <ItemGroup>
    <None Include="res\courseManage.rc2">
      <Filter>资源文件</Filter>
    </None>
  </ItemGroup>
  <ItemGroup>
    <Image Include="res\courseManage.ico">
      <Filter>资源文件</Filter>
    </Image>
  </ItemGroup>
</Project>